{
  "object": {
    "pins": [
      {
        "package": "NetworkHelper",
        "repositoryURL": "https://github.com/luanachen/NetworkHelper",
        "state": {
          "branch": null,
          "revision": "3c2ed310f8596178d1e0ef5ec590daf06bb54b2f",
          "version": "1.4.2"
        }
      }
    ]
  },
  "version": 1
}
