// !$*UTF8*$!
{
	archiveVersion = 1;
	classes = {
	};
	objectVersion = 52;
	objects = {

/* Begin PBXBuildFile section */
		EB0C549526208D5200272C3D /* Colors.xcassets in Resources */ = {isa = PBXBuildFile; fileRef = EB0C549426208D5200272C3D /* Colors.xcassets */; };
		EB0C54A02620A32300272C3D /* NavigationBarModifier.swift in Sources */ = {isa = PBXBuildFile; fileRef = EB0C549F2620A32300272C3D /* NavigationBarModifier.swift */; };
		EB1C33EF261B778A00F3C5E1 /* LoginButtonStyle.swift in Sources */ = {isa = PBXBuildFile; fileRef = EB1C33EC261B778900F3C5E1 /* LoginButtonStyle.swift */; };
		EB1C33F0261B778A00F3C5E1 /* LoginTextFieldModifier.swift in Sources */ = {isa = PBXBuildFile; fileRef = EB1C33ED261B778A00F3C5E1 /* LoginTextFieldModifier.swift */; };
		EB1C33F1261B778A00F3C5E1 /* LoginView.swift in Sources */ = {isa = PBXBuildFile; fileRef = EB1C33EE261B778A00F3C5E1 /* LoginView.swift */; };
		EB8C0528261CA405006B0B48 /* MovieDBError.swift in Sources */ = {isa = PBXBuildFile; fileRef = EB8C0527261CA405006B0B48 /* MovieDBError.swift */; };
		EB8C0540261CC906006B0B48 /* ShowsEndpoints.swift in Sources */ = {isa = PBXBuildFile; fileRef = EB8C053D261CC906006B0B48 /* ShowsEndpoints.swift */; };
		EB8C0541261CC906006B0B48 /* ShowsRepository.swift in Sources */ = {isa = PBXBuildFile; fileRef = EB8C053E261CC906006B0B48 /* ShowsRepository.swift */; };
		EB8C0549261CCB31006B0B48 /* ShowDetailView.swift in Sources */ = {isa = PBXBuildFile; fileRef = EB8C0546261CCB31006B0B48 /* ShowDetailView.swift */; };
		EB8C054A261CCB31006B0B48 /* ShowDetail.swift in Sources */ = {isa = PBXBuildFile; fileRef = EB8C0548261CCB31006B0B48 /* ShowDetail.swift */; };
		EB8C0557261CCBE1006B0B48 /* ShowsCollectionViewModel.swift in Sources */ = {isa = PBXBuildFile; fileRef = EB8C0556261CCBE1006B0B48 /* ShowsCollectionViewModel.swift */; };
		EB8E246D2613CE2E009D9409 /* MoviesDB_LuanaApp.swift in Sources */ = {isa = PBXBuildFile; fileRef = EB8E246C2613CE2E009D9409 /* MoviesDB_LuanaApp.swift */; };
		EB8E24712613CE31009D9409 /* Assets.xcassets in Resources */ = {isa = PBXBuildFile; fileRef = EB8E24702613CE31009D9409 /* Assets.xcassets */; };
		EB8E24742613CE31009D9409 /* Preview Assets.xcassets in Resources */ = {isa = PBXBuildFile; fileRef = EB8E24732613CE31009D9409 /* Preview Assets.xcassets */; };
		EB8E247F2613CE31009D9409 /* MoviesDB_LuanaTests.swift in Sources */ = {isa = PBXBuildFile; fileRef = EB8E247E2613CE31009D9409 /* MoviesDB_LuanaTests.swift */; };
		EB8E248A2613CE31009D9409 /* MoviesDB_LuanaUITests.swift in Sources */ = {isa = PBXBuildFile; fileRef = EB8E24892613CE31009D9409 /* MoviesDB_LuanaUITests.swift */; };
		EB8E24C12613EFBF009D9409 /* LoginViewModel.swift in Sources */ = {isa = PBXBuildFile; fileRef = EB8E24C02613EFBF009D9409 /* LoginViewModel.swift */; };
		EB8E24D12614BEB8009D9409 /* ShowsCollectionView.swift in Sources */ = {isa = PBXBuildFile; fileRef = EB8E24D02614BEB8009D9409 /* ShowsCollectionView.swift */; };
		EB8E24E62614C241009D9409 /* Show.swift in Sources */ = {isa = PBXBuildFile; fileRef = EB8E24E32614C241009D9409 /* Show.swift */; };
		EB8E24E82614C241009D9409 /* Paginator.swift in Sources */ = {isa = PBXBuildFile; fileRef = EB8E24E52614C241009D9409 /* Paginator.swift */; };
		EB8E24F02614CF31009D9409 /* ShowCell.swift in Sources */ = {isa = PBXBuildFile; fileRef = EB8E24EF2614CF31009D9409 /* ShowCell.swift */; };
		EB8E24F62614DC39009D9409 /* ShowCellViewModel.swift in Sources */ = {isa = PBXBuildFile; fileRef = EB8E24F52614DC39009D9409 /* ShowCellViewModel.swift */; };
		EB8E250F2614F6CE009D9409 /* LoginRepository.swift in Sources */ = {isa = PBXBuildFile; fileRef = EB8E250C2614F6CE009D9409 /* LoginRepository.swift */; };
		EB8E25102614F6CE009D9409 /* LoginEndpoint.swift in Sources */ = {isa = PBXBuildFile; fileRef = EB8E250D2614F6CE009D9409 /* LoginEndpoint.swift */; };
		EB8E25112614F6CE009D9409 /* LoginModel.swift in Sources */ = {isa = PBXBuildFile; fileRef = EB8E250E2614F6CE009D9409 /* LoginModel.swift */; };
		EB8E252F2614FE74009D9409 /* SessionStoreManager.swift in Sources */ = {isa = PBXBuildFile; fileRef = EB8E252E2614FE74009D9409 /* SessionStoreManager.swift */; };
		EB8E2538261509F7009D9409 /* NetworkHelper in Frameworks */ = {isa = PBXBuildFile; productRef = EB8E2537261509F7009D9409 /* NetworkHelper */; };
		EBABB7EF261CFEA2002A4FBD /* ImageLoader.swift in Sources */ = {isa = PBXBuildFile; fileRef = EBABB7EE261CFEA2002A4FBD /* ImageLoader.swift */; };
		EBABB7F4261CFED9002A4FBD /* AsyncImage.swift in Sources */ = {isa = PBXBuildFile; fileRef = EBABB7F3261CFED9002A4FBD /* AsyncImage.swift */; };
		EBABB7F9261D04CA002A4FBD /* ImageCache.swift in Sources */ = {isa = PBXBuildFile; fileRef = EBABB7F8261D04CA002A4FBD /* ImageCache.swift */; };
		EBABB7FE261D0503002A4FBD /* EnvironmentValues+ImageCache.swift in Sources */ = {isa = PBXBuildFile; fileRef = EBABB7FD261D0503002A4FBD /* EnvironmentValues+ImageCache.swift */; };
		EBABB80A261DFA4C002A4FBD /* ShowDetailViewModel.swift in Sources */ = {isa = PBXBuildFile; fileRef = EBABB809261DFA4C002A4FBD /* ShowDetailViewModel.swift */; };
		EBABB813261E1F8D002A4FBD /* DetailContentView.swift in Sources */ = {isa = PBXBuildFile; fileRef = EBABB812261E1F8D002A4FBD /* DetailContentView.swift */; };
/* End PBXBuildFile section */

/* Begin PBXContainerItemProxy section */
		EB8E247B2613CE31009D9409 /* PBXContainerItemProxy */ = {
			isa = PBXContainerItemProxy;
			containerPortal = EB8E24612613CE2E009D9409 /* Project object */;
			proxyType = 1;
			remoteGlobalIDString = EB8E24682613CE2E009D9409;
			remoteInfo = "MoviesDB-Luana";
		};
		EB8E24862613CE31009D9409 /* PBXContainerItemProxy */ = {
			isa = PBXContainerItemProxy;
			containerPortal = EB8E24612613CE2E009D9409 /* Project object */;
			proxyType = 1;
			remoteGlobalIDString = EB8E24682613CE2E009D9409;
			remoteInfo = "MoviesDB-Luana";
		};
/* End PBXContainerItemProxy section */

/* Begin PBXFileReference section */
		EB0C549426208D5200272C3D /* Colors.xcassets */ = {isa = PBXFileReference; lastKnownFileType = folder.assetcatalog; path = Colors.xcassets; sourceTree = "<group>"; };
		EB0C549F2620A32300272C3D /* NavigationBarModifier.swift */ = {isa = PBXFileReference; lastKnownFileType = sourcecode.swift; path = NavigationBarModifier.swift; sourceTree = "<group>"; };
		EB1C33EC261B778900F3C5E1 /* LoginButtonStyle.swift */ = {isa = PBXFileReference; fileEncoding = 4; lastKnownFileType = sourcecode.swift; path = LoginButtonStyle.swift; sourceTree = "<group>"; };
		EB1C33ED261B778A00F3C5E1 /* LoginTextFieldModifier.swift */ = {isa = PBXFileReference; fileEncoding = 4; lastKnownFileType = sourcecode.swift; path = LoginTextFieldModifier.swift; sourceTree = "<group>"; };
		EB1C33EE261B778A00F3C5E1 /* LoginView.swift */ = {isa = PBXFileReference; fileEncoding = 4; lastKnownFileType = sourcecode.swift; path = LoginView.swift; sourceTree = "<group>"; };
		EB8C0527261CA405006B0B48 /* MovieDBError.swift */ = {isa = PBXFileReference; lastKnownFileType = sourcecode.swift; path = MovieDBError.swift; sourceTree = "<group>"; };
		EB8C053D261CC906006B0B48 /* ShowsEndpoints.swift */ = {isa = PBXFileReference; fileEncoding = 4; lastKnownFileType = sourcecode.swift; path = ShowsEndpoints.swift; sourceTree = "<group>"; };
		EB8C053E261CC906006B0B48 /* ShowsRepository.swift */ = {isa = PBXFileReference; fileEncoding = 4; lastKnownFileType = sourcecode.swift; path = ShowsRepository.swift; sourceTree = "<group>"; };
		EB8C0546261CCB31006B0B48 /* ShowDetailView.swift */ = {isa = PBXFileReference; fileEncoding = 4; lastKnownFileType = sourcecode.swift; path = ShowDetailView.swift; sourceTree = "<group>"; };
		EB8C0548261CCB31006B0B48 /* ShowDetail.swift */ = {isa = PBXFileReference; fileEncoding = 4; lastKnownFileType = sourcecode.swift; path = ShowDetail.swift; sourceTree = "<group>"; };
		EB8C0556261CCBE1006B0B48 /* ShowsCollectionViewModel.swift */ = {isa = PBXFileReference; fileEncoding = 4; lastKnownFileType = sourcecode.swift; path = ShowsCollectionViewModel.swift; sourceTree = "<group>"; };
		EB8E24692613CE2E009D9409 /* MoviesDB-Luana.app */ = {isa = PBXFileReference; explicitFileType = wrapper.application; includeInIndex = 0; path = "MoviesDB-Luana.app"; sourceTree = BUILT_PRODUCTS_DIR; };
		EB8E246C2613CE2E009D9409 /* MoviesDB_LuanaApp.swift */ = {isa = PBXFileReference; lastKnownFileType = sourcecode.swift; path = MoviesDB_LuanaApp.swift; sourceTree = "<group>"; };
		EB8E24702613CE31009D9409 /* Assets.xcassets */ = {isa = PBXFileReference; lastKnownFileType = folder.assetcatalog; path = Assets.xcassets; sourceTree = "<group>"; };
		EB8E24732613CE31009D9409 /* Preview Assets.xcassets */ = {isa = PBXFileReference; lastKnownFileType = folder.assetcatalog; path = "Preview Assets.xcassets"; sourceTree = "<group>"; };
		EB8E24752613CE31009D9409 /* Info.plist */ = {isa = PBXFileReference; lastKnownFileType = text.plist.xml; path = Info.plist; sourceTree = "<group>"; };
		EB8E247A2613CE31009D9409 /* MoviesDB-LuanaTests.xctest */ = {isa = PBXFileReference; explicitFileType = wrapper.cfbundle; includeInIndex = 0; path = "MoviesDB-LuanaTests.xctest"; sourceTree = BUILT_PRODUCTS_DIR; };
		EB8E247E2613CE31009D9409 /* MoviesDB_LuanaTests.swift */ = {isa = PBXFileReference; lastKnownFileType = sourcecode.swift; path = MoviesDB_LuanaTests.swift; sourceTree = "<group>"; };
		EB8E24802613CE31009D9409 /* Info.plist */ = {isa = PBXFileReference; lastKnownFileType = text.plist.xml; path = Info.plist; sourceTree = "<group>"; };
		EB8E24852613CE31009D9409 /* MoviesDB-LuanaUITests.xctest */ = {isa = PBXFileReference; explicitFileType = wrapper.cfbundle; includeInIndex = 0; path = "MoviesDB-LuanaUITests.xctest"; sourceTree = BUILT_PRODUCTS_DIR; };
		EB8E24892613CE31009D9409 /* MoviesDB_LuanaUITests.swift */ = {isa = PBXFileReference; lastKnownFileType = sourcecode.swift; path = MoviesDB_LuanaUITests.swift; sourceTree = "<group>"; };
		EB8E248B2613CE31009D9409 /* Info.plist */ = {isa = PBXFileReference; lastKnownFileType = text.plist.xml; path = Info.plist; sourceTree = "<group>"; };
		EB8E24C02613EFBF009D9409 /* LoginViewModel.swift */ = {isa = PBXFileReference; lastKnownFileType = sourcecode.swift; path = LoginViewModel.swift; sourceTree = "<group>"; };
		EB8E24D02614BEB8009D9409 /* ShowsCollectionView.swift */ = {isa = PBXFileReference; lastKnownFileType = sourcecode.swift; path = ShowsCollectionView.swift; sourceTree = "<group>"; };
		EB8E24E32614C241009D9409 /* Show.swift */ = {isa = PBXFileReference; fileEncoding = 4; lastKnownFileType = sourcecode.swift; path = Show.swift; sourceTree = "<group>"; };
		EB8E24E52614C241009D9409 /* Paginator.swift */ = {isa = PBXFileReference; fileEncoding = 4; lastKnownFileType = sourcecode.swift; path = Paginator.swift; sourceTree = "<group>"; };
		EB8E24EF2614CF31009D9409 /* ShowCell.swift */ = {isa = PBXFileReference; lastKnownFileType = sourcecode.swift; path = ShowCell.swift; sourceTree = "<group>"; };
		EB8E24F52614DC39009D9409 /* ShowCellViewModel.swift */ = {isa = PBXFileReference; lastKnownFileType = sourcecode.swift; path = ShowCellViewModel.swift; sourceTree = "<group>"; };
		EB8E250C2614F6CE009D9409 /* LoginRepository.swift */ = {isa = PBXFileReference; fileEncoding = 4; lastKnownFileType = sourcecode.swift; path = LoginRepository.swift; sourceTree = "<group>"; };
		EB8E250D2614F6CE009D9409 /* LoginEndpoint.swift */ = {isa = PBXFileReference; fileEncoding = 4; lastKnownFileType = sourcecode.swift; path = LoginEndpoint.swift; sourceTree = "<group>"; };
		EB8E250E2614F6CE009D9409 /* LoginModel.swift */ = {isa = PBXFileReference; fileEncoding = 4; lastKnownFileType = sourcecode.swift; path = LoginModel.swift; sourceTree = "<group>"; };
		EB8E252E2614FE74009D9409 /* SessionStoreManager.swift */ = {isa = PBXFileReference; fileEncoding = 4; lastKnownFileType = sourcecode.swift; path = SessionStoreManager.swift; sourceTree = "<group>"; };
		EBABB7EE261CFEA2002A4FBD /* ImageLoader.swift */ = {isa = PBXFileReference; lastKnownFileType = sourcecode.swift; path = ImageLoader.swift; sourceTree = "<group>"; };
		EBABB7F3261CFED9002A4FBD /* AsyncImage.swift */ = {isa = PBXFileReference; lastKnownFileType = sourcecode.swift; path = AsyncImage.swift; sourceTree = "<group>"; };
		EBABB7F8261D04CA002A4FBD /* ImageCache.swift */ = {isa = PBXFileReference; lastKnownFileType = sourcecode.swift; path = ImageCache.swift; sourceTree = "<group>"; };
		EBABB7FD261D0503002A4FBD /* EnvironmentValues+ImageCache.swift */ = {isa = PBXFileReference; lastKnownFileType = sourcecode.swift; path = "EnvironmentValues+ImageCache.swift"; sourceTree = "<group>"; };
		EBABB809261DFA4C002A4FBD /* ShowDetailViewModel.swift */ = {isa = PBXFileReference; lastKnownFileType = sourcecode.swift; path = ShowDetailViewModel.swift; sourceTree = "<group>"; };
		EBABB812261E1F8D002A4FBD /* DetailContentView.swift */ = {isa = PBXFileReference; lastKnownFileType = sourcecode.swift; path = DetailContentView.swift; sourceTree = "<group>"; };
/* End PBXFileReference section */

/* Begin PBXFrameworksBuildPhase section */
		EB8E24662613CE2E009D9409 /* Frameworks */ = {
			isa = PBXFrameworksBuildPhase;
			buildActionMask = 2147483647;
			files = (
				EB8E2538261509F7009D9409 /* NetworkHelper in Frameworks */,
			);
			runOnlyForDeploymentPostprocessing = 0;
		};
		EB8E24772613CE31009D9409 /* Frameworks */ = {
			isa = PBXFrameworksBuildPhase;
			buildActionMask = 2147483647;
			files = (
			);
			runOnlyForDeploymentPostprocessing = 0;
		};
		EB8E24822613CE31009D9409 /* Frameworks */ = {
			isa = PBXFrameworksBuildPhase;
			buildActionMask = 2147483647;
			files = (
			);
			runOnlyForDeploymentPostprocessing = 0;
		};
/* End PBXFrameworksBuildPhase section */

/* Begin PBXGroup section */
		EB0C54B32626005300272C3D /* SupportingFiles */ = {
			isa = PBXGroup;
			children = (
				EB8E24752613CE31009D9409 /* Info.plist */,
				EB0C549426208D5200272C3D /* Colors.xcassets */,
				EB8E24702613CE31009D9409 /* Assets.xcassets */,
				EB8C0527261CA405006B0B48 /* MovieDBError.swift */,
			);
			path = SupportingFiles;
			sourceTree = "<group>";
		};
		EB42848D2626196F00E630C7 /* Utils */ = {
			isa = PBXGroup;
			children = (
				EBABB805261D06B6002A4FBD /* ImageLoader+AsyncImage */,
				EB8E252D2614FE74009D9409 /* SessionManager */,
			);
			path = Utils;
			sourceTree = "<group>";
		};
		EB8C053B261CC906006B0B48 /* Repository */ = {
			isa = PBXGroup;
			children = (
				EB8C053D261CC906006B0B48 /* ShowsEndpoints.swift */,
				EB8C053E261CC906006B0B48 /* ShowsRepository.swift */,
			);
			path = Repository;
			sourceTree = "<group>";
		};
		EB8C0545261CCB31006B0B48 /* Detail */ = {
			isa = PBXGroup;
			children = (
				EB8C0547261CCB31006B0B48 /* Model */,
				EB8C0552261CCB71006B0B48 /* View */,
				EBABB80E261DFA50002A4FBD /* ViewModel */,
			);
			path = Detail;
			sourceTree = "<group>";
		};
		EB8C0547261CCB31006B0B48 /* Model */ = {
			isa = PBXGroup;
			children = (
				EB8C0548261CCB31006B0B48 /* ShowDetail.swift */,
			);
			path = Model;
			sourceTree = "<group>";
		};
		EB8C054E261CCB58006B0B48 /* Collection */ = {
			isa = PBXGroup;
			children = (
				EB8E24F42614DC1D009D9409 /* ViewModel */,
				EB8E24E22614C22F009D9409 /* Model */,
				EB8E24D82614BEC0009D9409 /* Views */,
			);
			path = Collection;
			sourceTree = "<group>";
		};
		EB8C0552261CCB71006B0B48 /* View */ = {
			isa = PBXGroup;
			children = (
				EB8C0546261CCB31006B0B48 /* ShowDetailView.swift */,
				EBABB812261E1F8D002A4FBD /* DetailContentView.swift */,
			);
			path = View;
			sourceTree = "<group>";
		};
		EB8E24602613CE2E009D9409 = {
			isa = PBXGroup;
			children = (
				EB8E246B2613CE2E009D9409 /* MoviesDB-Luana */,
				EB8E247D2613CE31009D9409 /* MoviesDB-LuanaTests */,
				EB8E24882613CE31009D9409 /* MoviesDB-LuanaUITests */,
				EB8E246A2613CE2E009D9409 /* Products */,
			);
			sourceTree = "<group>";
		};
		EB8E246A2613CE2E009D9409 /* Products */ = {
			isa = PBXGroup;
			children = (
				EB8E24692613CE2E009D9409 /* MoviesDB-Luana.app */,
				EB8E247A2613CE31009D9409 /* MoviesDB-LuanaTests.xctest */,
				EB8E24852613CE31009D9409 /* MoviesDB-LuanaUITests.xctest */,
			);
			name = Products;
			sourceTree = "<group>";
		};
		EB8E246B2613CE2E009D9409 /* MoviesDB-Luana */ = {
			isa = PBXGroup;
			children = (
				EB8E24CF2614BE74009D9409 /* Base */,
				EB8E24BA2613EE5B009D9409 /* Login */,
				EB8E24C82614BE50009D9409 /* Shows */,
				EB42848D2626196F00E630C7 /* Utils */,
				EB0C54B32626005300272C3D /* SupportingFiles */,
				EB8E24722613CE31009D9409 /* Preview Content */,
			);
			path = "MoviesDB-Luana";
			sourceTree = "<group>";
		};
		EB8E24722613CE31009D9409 /* Preview Content */ = {
			isa = PBXGroup;
			children = (
				EB8E24732613CE31009D9409 /* Preview Assets.xcassets */,
			);
			path = "Preview Content";
			sourceTree = "<group>";
		};
		EB8E247D2613CE31009D9409 /* MoviesDB-LuanaTests */ = {
			isa = PBXGroup;
			children = (
				EB8E247E2613CE31009D9409 /* MoviesDB_LuanaTests.swift */,
				EB8E24802613CE31009D9409 /* Info.plist */,
			);
			path = "MoviesDB-LuanaTests";
			sourceTree = "<group>";
		};
		EB8E24882613CE31009D9409 /* MoviesDB-LuanaUITests */ = {
			isa = PBXGroup;
			children = (
				EB8E24892613CE31009D9409 /* MoviesDB_LuanaUITests.swift */,
				EB8E248B2613CE31009D9409 /* Info.plist */,
			);
			path = "MoviesDB-LuanaUITests";
			sourceTree = "<group>";
		};
		EB8E24A02613DFDB009D9409 /* Views */ = {
			isa = PBXGroup;
			children = (
				EB1C33EC261B778900F3C5E1 /* LoginButtonStyle.swift */,
				EB1C33ED261B778A00F3C5E1 /* LoginTextFieldModifier.swift */,
				EB1C33EE261B778A00F3C5E1 /* LoginView.swift */,
			);
			path = Views;
			sourceTree = "<group>";
		};
		EB8E24BA2613EE5B009D9409 /* Login */ = {
			isa = PBXGroup;
			children = (
				EB8E25152614F6F2009D9409 /* Model */,
				EB8E250B2614F6AB009D9409 /* Repository */,
				EB8E24BF2613EF92009D9409 /* ViewModel */,
				EB8E24A02613DFDB009D9409 /* Views */,
			);
			path = Login;
			sourceTree = "<group>";
		};
		EB8E24BF2613EF92009D9409 /* ViewModel */ = {
			isa = PBXGroup;
			children = (
				EB8E24C02613EFBF009D9409 /* LoginViewModel.swift */,
			);
			path = ViewModel;
			sourceTree = "<group>";
		};
		EB8E24C82614BE50009D9409 /* Shows */ = {
			isa = PBXGroup;
			children = (
				EB8C054E261CCB58006B0B48 /* Collection */,
				EB8C0545261CCB31006B0B48 /* Detail */,
				EB8C053B261CC906006B0B48 /* Repository */,
			);
			path = Shows;
			sourceTree = "<group>";
		};
		EB8E24CF2614BE74009D9409 /* Base */ = {
			isa = PBXGroup;
			children = (
				EB8E246C2613CE2E009D9409 /* MoviesDB_LuanaApp.swift */,
			);
			path = Base;
			sourceTree = "<group>";
		};
		EB8E24D82614BEC0009D9409 /* Views */ = {
			isa = PBXGroup;
			children = (
				EB8E24D02614BEB8009D9409 /* ShowsCollectionView.swift */,
				EB8E24EF2614CF31009D9409 /* ShowCell.swift */,
				EB0C549F2620A32300272C3D /* NavigationBarModifier.swift */,
			);
			path = Views;
			sourceTree = "<group>";
		};
		EB8E24E22614C22F009D9409 /* Model */ = {
			isa = PBXGroup;
			children = (
				EB8E24E32614C241009D9409 /* Show.swift */,
				EB8E24E52614C241009D9409 /* Paginator.swift */,
			);
			path = Model;
			sourceTree = "<group>";
		};
		EB8E24F42614DC1D009D9409 /* ViewModel */ = {
			isa = PBXGroup;
			children = (
				EB8C0556261CCBE1006B0B48 /* ShowsCollectionViewModel.swift */,
				EB8E24F52614DC39009D9409 /* ShowCellViewModel.swift */,
			);
			path = ViewModel;
			sourceTree = "<group>";
		};
		EB8E250B2614F6AB009D9409 /* Repository */ = {
			isa = PBXGroup;
			children = (
				EB8E250D2614F6CE009D9409 /* LoginEndpoint.swift */,
				EB8E250C2614F6CE009D9409 /* LoginRepository.swift */,
			);
			path = Repository;
			sourceTree = "<group>";
		};
		EB8E25152614F6F2009D9409 /* Model */ = {
			isa = PBXGroup;
			children = (
				EB8E250E2614F6CE009D9409 /* LoginModel.swift */,
			);
			path = Model;
			sourceTree = "<group>";
		};
		EB8E252D2614FE74009D9409 /* SessionManager */ = {
			isa = PBXGroup;
			children = (
				EB8E252E2614FE74009D9409 /* SessionStoreManager.swift */,
			);
			path = SessionManager;
			sourceTree = "<group>";
		};
		EBABB805261D06B6002A4FBD /* ImageLoader+AsyncImage */ = {
			isa = PBXGroup;
			children = (
				EBABB7EE261CFEA2002A4FBD /* ImageLoader.swift */,
				EBABB7FD261D0503002A4FBD /* EnvironmentValues+ImageCache.swift */,
				EBABB7F8261D04CA002A4FBD /* ImageCache.swift */,
				EBABB7F3261CFED9002A4FBD /* AsyncImage.swift */,
			);
			path = "ImageLoader+AsyncImage";
			sourceTree = "<group>";
		};
		EBABB80E261DFA50002A4FBD /* ViewModel */ = {
			isa = PBXGroup;
			children = (
				EBABB809261DFA4C002A4FBD /* ShowDetailViewModel.swift */,
			);
			path = ViewModel;
			sourceTree = "<group>";
		};
/* End PBXGroup section */

/* Begin PBXNativeTarget section */
		EB8E24682613CE2E009D9409 /* MoviesDB-Luana */ = {
			isa = PBXNativeTarget;
			buildConfigurationList = EB8E248E2613CE31009D9409 /* Build configuration list for PBXNativeTarget "MoviesDB-Luana" */;
			buildPhases = (
				EB8E24652613CE2E009D9409 /* Sources */,
				EB8E24662613CE2E009D9409 /* Frameworks */,
				EB8E24672613CE2E009D9409 /* Resources */,
			);
			buildRules = (
			);
			dependencies = (
			);
			name = "MoviesDB-Luana";
			packageProductDependencies = (
				EB8E2537261509F7009D9409 /* NetworkHelper */,
			);
			productName = "MoviesDB-Luana";
			productReference = EB8E24692613CE2E009D9409 /* MoviesDB-Luana.app */;
			productType = "com.apple.product-type.application";
		};
		EB8E24792613CE31009D9409 /* MoviesDB-LuanaTests */ = {
			isa = PBXNativeTarget;
			buildConfigurationList = EB8E24912613CE31009D9409 /* Build configuration list for PBXNativeTarget "MoviesDB-LuanaTests" */;
			buildPhases = (
				EB8E24762613CE31009D9409 /* Sources */,
				EB8E24772613CE31009D9409 /* Frameworks */,
				EB8E24782613CE31009D9409 /* Resources */,
			);
			buildRules = (
			);
			dependencies = (
				EB8E247C2613CE31009D9409 /* PBXTargetDependency */,
			);
			name = "MoviesDB-LuanaTests";
			productName = "MoviesDB-LuanaTests";
			productReference = EB8E247A2613CE31009D9409 /* MoviesDB-LuanaTests.xctest */;
			productType = "com.apple.product-type.bundle.unit-test";
		};
		EB8E24842613CE31009D9409 /* MoviesDB-LuanaUITests */ = {
			isa = PBXNativeTarget;
			buildConfigurationList = EB8E24942613CE31009D9409 /* Build configuration list for PBXNativeTarget "MoviesDB-LuanaUITests" */;
			buildPhases = (
				EB8E24812613CE31009D9409 /* Sources */,
				EB8E24822613CE31009D9409 /* Frameworks */,
				EB8E24832613CE31009D9409 /* Resources */,
			);
			buildRules = (
			);
			dependencies = (
				EB8E24872613CE31009D9409 /* PBXTargetDependency */,
			);
			name = "MoviesDB-LuanaUITests";
			productName = "MoviesDB-LuanaUITests";
			productReference = EB8E24852613CE31009D9409 /* MoviesDB-LuanaUITests.xctest */;
			productType = "com.apple.product-type.bundle.ui-testing";
		};
/* End PBXNativeTarget section */

/* Begin PBXProject section */
		EB8E24612613CE2E009D9409 /* Project object */ = {
			isa = PBXProject;
			attributes = {
				LastSwiftUpdateCheck = 1230;
				LastUpgradeCheck = 1230;
				TargetAttributes = {
					EB8E24682613CE2E009D9409 = {
						CreatedOnToolsVersion = 12.3;
					};
					EB8E24792613CE31009D9409 = {
						CreatedOnToolsVersion = 12.3;
						TestTargetID = EB8E24682613CE2E009D9409;
					};
					EB8E24842613CE31009D9409 = {
						CreatedOnToolsVersion = 12.3;
						TestTargetID = EB8E24682613CE2E009D9409;
					};
				};
			};
			buildConfigurationList = EB8E24642613CE2E009D9409 /* Build configuration list for PBXProject "MoviesDB-Luana" */;
			compatibilityVersion = "Xcode 9.3";
			developmentRegion = en;
			hasScannedForEncodings = 0;
			knownRegions = (
				en,
				Base,
			);
			mainGroup = EB8E24602613CE2E009D9409;
			packageReferences = (
				EB8E2536261509F7009D9409 /* XCRemoteSwiftPackageReference "NetworkHelper" */,
			);
			productRefGroup = EB8E246A2613CE2E009D9409 /* Products */;
			projectDirPath = "";
			projectRoot = "";
			targets = (
				EB8E24682613CE2E009D9409 /* MoviesDB-Luana */,
				EB8E24792613CE31009D9409 /* MoviesDB-LuanaTests */,
				EB8E24842613CE31009D9409 /* MoviesDB-LuanaUITests */,
			);
		};
/* End PBXProject section */

/* Begin PBXResourcesBuildPhase section */
		EB8E24672613CE2E009D9409 /* Resources */ = {
			isa = PBXResourcesBuildPhase;
			buildActionMask = 2147483647;
			files = (
				EB0C549526208D5200272C3D /* Colors.xcassets in Resources */,
				EB8E24742613CE31009D9409 /* Preview Assets.xcassets in Resources */,
				EB8E24712613CE31009D9409 /* Assets.xcassets in Resources */,
			);
			runOnlyForDeploymentPostprocessing = 0;
		};
		EB8E24782613CE31009D9409 /* Resources */ = {
			isa = PBXResourcesBuildPhase;
			buildActionMask = 2147483647;
			files = (
			);
			runOnlyForDeploymentPostprocessing = 0;
		};
		EB8E24832613CE31009D9409 /* Resources */ = {
			isa = PBXResourcesBuildPhase;
			buildActionMask = 2147483647;
			files = (
			);
			runOnlyForDeploymentPostprocessing = 0;
		};
/* End PBXResourcesBuildPhase section */

/* Begin PBXSourcesBuildPhase section */
		EB8E24652613CE2E009D9409 /* Sources */ = {
			isa = PBXSourcesBuildPhase;
			buildActionMask = 2147483647;
			files = (
				EB1C33EF261B778A00F3C5E1 /* LoginButtonStyle.swift in Sources */,
				EBABB7FE261D0503002A4FBD /* EnvironmentValues+ImageCache.swift in Sources */,
				EBABB7F4261CFED9002A4FBD /* AsyncImage.swift in Sources */,
				EB8C0541261CC906006B0B48 /* ShowsRepository.swift in Sources */,
				EB8E25112614F6CE009D9409 /* LoginModel.swift in Sources */,
				EBABB80A261DFA4C002A4FBD /* ShowDetailViewModel.swift in Sources */,
				EB1C33F1261B778A00F3C5E1 /* LoginView.swift in Sources */,
				EB8E24F62614DC39009D9409 /* ShowCellViewModel.swift in Sources */,
				EB8E252F2614FE74009D9409 /* SessionStoreManager.swift in Sources */,
				EB8E250F2614F6CE009D9409 /* LoginRepository.swift in Sources */,
				EB1C33F0261B778A00F3C5E1 /* LoginTextFieldModifier.swift in Sources */,
				EB8E24D12614BEB8009D9409 /* ShowsCollectionView.swift in Sources */,
				EB8E25102614F6CE009D9409 /* LoginEndpoint.swift in Sources */,
				EBABB813261E1F8D002A4FBD /* DetailContentView.swift in Sources */,
				EB8E24C12613EFBF009D9409 /* LoginViewModel.swift in Sources */,
				EB8C0557261CCBE1006B0B48 /* ShowsCollectionViewModel.swift in Sources */,
				EB8C054A261CCB31006B0B48 /* ShowDetail.swift in Sources */,
				EB8E24F02614CF31009D9409 /* ShowCell.swift in Sources */,
				EB8E24E62614C241009D9409 /* Show.swift in Sources */,
				EBABB7EF261CFEA2002A4FBD /* ImageLoader.swift in Sources */,
				EB0C54A02620A32300272C3D /* NavigationBarModifier.swift in Sources */,
				EBABB7F9261D04CA002A4FBD /* ImageCache.swift in Sources */,
				EB8C0528261CA405006B0B48 /* MovieDBError.swift in Sources */,
				EB8E24E82614C241009D9409 /* Paginator.swift in Sources */,
				EB8E246D2613CE2E009D9409 /* MoviesDB_LuanaApp.swift in Sources */,
				EB8C0549261CCB31006B0B48 /* ShowDetailView.swift in Sources */,
				EB8C0540261CC906006B0B48 /* ShowsEndpoints.swift in Sources */,
			);
			runOnlyForDeploymentPostprocessing = 0;
		};
		EB8E24762613CE31009D9409 /* Sources */ = {
			isa = PBXSourcesBuildPhase;
			buildActionMask = 2147483647;
			files = (
				EB8E247F2613CE31009D9409 /* MoviesDB_LuanaTests.swift in Sources */,
			);
			runOnlyForDeploymentPostprocessing = 0;
		};
		EB8E24812613CE31009D9409 /* Sources */ = {
			isa = PBXSourcesBuildPhase;
			buildActionMask = 2147483647;
			files = (
				EB8E248A2613CE31009D9409 /* MoviesDB_LuanaUITests.swift in Sources */,
			);
			runOnlyForDeploymentPostprocessing = 0;
		};
/* End PBXSourcesBuildPhase section */

/* Begin PBXTargetDependency section */
		EB8E247C2613CE31009D9409 /* PBXTargetDependency */ = {
			isa = PBXTargetDependency;
			target = EB8E24682613CE2E009D9409 /* MoviesDB-Luana */;
			targetProxy = EB8E247B2613CE31009D9409 /* PBXContainerItemProxy */;
		};
		EB8E24872613CE31009D9409 /* PBXTargetDependency */ = {
			isa = PBXTargetDependency;
			target = EB8E24682613CE2E009D9409 /* MoviesDB-Luana */;
			targetProxy = EB8E24862613CE31009D9409 /* PBXContainerItemProxy */;
		};
/* End PBXTargetDependency section */

/* Begin XCBuildConfiguration section */
		EB8E248C2613CE31009D9409 /* Debug */ = {
			isa = XCBuildConfiguration;
			buildSettings = {
				ALWAYS_SEARCH_USER_PATHS = NO;
				CLANG_ANALYZER_NONNULL = YES;
				CLANG_ANALYZER_NUMBER_OBJECT_CONVERSION = YES_AGGRESSIVE;
				CLANG_CXX_LANGUAGE_STANDARD = "gnu++14";
				CLANG_CXX_LIBRARY = "libc++";
				CLANG_ENABLE_MODULES = YES;
				CLANG_ENABLE_OBJC_ARC = YES;
				CLANG_ENABLE_OBJC_WEAK = YES;
				CLANG_WARN_BLOCK_CAPTURE_AUTORELEASING = YES;
				CLANG_WARN_BOOL_CONVERSION = YES;
				CLANG_WARN_COMMA = YES;
				CLANG_WARN_CONSTANT_CONVERSION = YES;
				CLANG_WARN_DEPRECATED_OBJC_IMPLEMENTATIONS = YES;
				CLANG_WARN_DIRECT_OBJC_ISA_USAGE = YES_ERROR;
				CLANG_WARN_DOCUMENTATION_COMMENTS = YES;
				CLANG_WARN_EMPTY_BODY = YES;
				CLANG_WARN_ENUM_CONVERSION = YES;
				CLANG_WARN_INFINITE_RECURSION = YES;
				CLANG_WARN_INT_CONVERSION = YES;
				CLANG_WARN_NON_LITERAL_NULL_CONVERSION = YES;
				CLANG_WARN_OBJC_IMPLICIT_RETAIN_SELF = YES;
				CLANG_WARN_OBJC_LITERAL_CONVERSION = YES;
				CLANG_WARN_OBJC_ROOT_CLASS = YES_ERROR;
				CLANG_WARN_QUOTED_INCLUDE_IN_FRAMEWORK_HEADER = YES;
				CLANG_WARN_RANGE_LOOP_ANALYSIS = YES;
				CLANG_WARN_STRICT_PROTOTYPES = YES;
				CLANG_WARN_SUSPICIOUS_MOVE = YES;
				CLANG_WARN_UNGUARDED_AVAILABILITY = YES_AGGRESSIVE;
				CLANG_WARN_UNREACHABLE_CODE = YES;
				CLANG_WARN__DUPLICATE_METHOD_MATCH = YES;
				COPY_PHASE_STRIP = NO;
				DEBUG_INFORMATION_FORMAT = dwarf;
				ENABLE_STRICT_OBJC_MSGSEND = YES;
				ENABLE_TESTABILITY = YES;
				GCC_C_LANGUAGE_STANDARD = gnu11;
				GCC_DYNAMIC_NO_PIC = NO;
				GCC_NO_COMMON_BLOCKS = YES;
				GCC_OPTIMIZATION_LEVEL = 0;
				GCC_PREPROCESSOR_DEFINITIONS = (
					"DEBUG=1",
					"$(inherited)",
				);
				GCC_WARN_64_TO_32_BIT_CONVERSION = YES;
				GCC_WARN_ABOUT_RETURN_TYPE = YES_ERROR;
				GCC_WARN_UNDECLARED_SELECTOR = YES;
				GCC_WARN_UNINITIALIZED_AUTOS = YES_AGGRESSIVE;
				GCC_WARN_UNUSED_FUNCTION = YES;
				GCC_WARN_UNUSED_VARIABLE = YES;
				IPHONEOS_DEPLOYMENT_TARGET = 14.3;
				MTL_ENABLE_DEBUG_INFO = INCLUDE_SOURCE;
				MTL_FAST_MATH = YES;
				ONLY_ACTIVE_ARCH = YES;
				SDKROOT = iphoneos;
				SWIFT_ACTIVE_COMPILATION_CONDITIONS = DEBUG;
				SWIFT_OPTIMIZATION_LEVEL = "-Onone";
			};
			name = Debug;
		};
		EB8E248D2613CE31009D9409 /* Release */ = {
			isa = XCBuildConfiguration;
			buildSettings = {
				ALWAYS_SEARCH_USER_PATHS = NO;
				CLANG_ANALYZER_NONNULL = YES;
				CLANG_ANALYZER_NUMBER_OBJECT_CONVERSION = YES_AGGRESSIVE;
				CLANG_CXX_LANGUAGE_STANDARD = "gnu++14";
				CLANG_CXX_LIBRARY = "libc++";
				CLANG_ENABLE_MODULES = YES;
				CLANG_ENABLE_OBJC_ARC = YES;
				CLANG_ENABLE_OBJC_WEAK = YES;
				CLANG_WARN_BLOCK_CAPTURE_AUTORELEASING = YES;
				CLANG_WARN_BOOL_CONVERSION = YES;
				CLANG_WARN_COMMA = YES;
				CLANG_WARN_CONSTANT_CONVERSION = YES;
				CLANG_WARN_DEPRECATED_OBJC_IMPLEMENTATIONS = YES;
				CLANG_WARN_DIRECT_OBJC_ISA_USAGE = YES_ERROR;
				CLANG_WARN_DOCUMENTATION_COMMENTS = YES;
				CLANG_WARN_EMPTY_BODY = YES;
				CLANG_WARN_ENUM_CONVERSION = YES;
				CLANG_WARN_INFINITE_RECURSION = YES;
				CLANG_WARN_INT_CONVERSION = YES;
				CLANG_WARN_NON_LITERAL_NULL_CONVERSION = YES;
				CLANG_WARN_OBJC_IMPLICIT_RETAIN_SELF = YES;
				CLANG_WARN_OBJC_LITERAL_CONVERSION = YES;
				CLANG_WARN_OBJC_ROOT_CLASS = YES_ERROR;
				CLANG_WARN_QUOTED_INCLUDE_IN_FRAMEWORK_HEADER = YES;
				CLANG_WARN_RANGE_LOOP_ANALYSIS = YES;
				CLANG_WARN_STRICT_PROTOTYPES = YES;
				CLANG_WARN_SUSPICIOUS_MOVE = YES;
				CLANG_WARN_UNGUARDED_AVAILABILITY = YES_AGGRESSIVE;
				CLANG_WARN_UNREACHABLE_CODE = YES;
				CLANG_WARN__DUPLICATE_METHOD_MATCH = YES;
				COPY_PHASE_STRIP = NO;
				DEBUG_INFORMATION_FORMAT = "dwarf-with-dsym";
				ENABLE_NS_ASSERTIONS = NO;
				ENABLE_STRICT_OBJC_MSGSEND = YES;
				GCC_C_LANGUAGE_STANDARD = gnu11;
				GCC_NO_COMMON_BLOCKS = YES;
				GCC_WARN_64_TO_32_BIT_CONVERSION = YES;
				GCC_WARN_ABOUT_RETURN_TYPE = YES_ERROR;
				GCC_WARN_UNDECLARED_SELECTOR = YES;
				GCC_WARN_UNINITIALIZED_AUTOS = YES_AGGRESSIVE;
				GCC_WARN_UNUSED_FUNCTION = YES;
				GCC_WARN_UNUSED_VARIABLE = YES;
				IPHONEOS_DEPLOYMENT_TARGET = 14.3;
				MTL_ENABLE_DEBUG_INFO = NO;
				MTL_FAST_MATH = YES;
				SDKROOT = iphoneos;
				SWIFT_COMPILATION_MODE = wholemodule;
				SWIFT_OPTIMIZATION_LEVEL = "-O";
				VALIDATE_PRODUCT = YES;
			};
			name = Release;
		};
		EB8E248F2613CE31009D9409 /* Debug */ = {
			isa = XCBuildConfiguration;
			buildSettings = {
				ASSETCATALOG_COMPILER_APPICON_NAME = AppIcon;
				ASSETCATALOG_COMPILER_GLOBAL_ACCENT_COLOR_NAME = AccentColor;
				CODE_SIGN_STYLE = Automatic;
				DEVELOPMENT_ASSET_PATHS = "\"MoviesDB-Luana/Preview Content\"";
				ENABLE_PREVIEWS = YES;
				INFOPLIST_FILE = "MoviesDB-Luana/SupportingFiles/Info.plist";
				IPHONEOS_DEPLOYMENT_TARGET = 14.0;
				LD_RUNPATH_SEARCH_PATHS = (
					"$(inherited)",
					"@executable_path/Frameworks",
				);
				PRODUCT_BUNDLE_IDENTIFIER = "lccj.MoviesDB-Luana";
				PRODUCT_NAME = "$(TARGET_NAME)";
				SWIFT_VERSION = 5.0;
				TARGETED_DEVICE_FAMILY = "1,2";
			};
			name = Debug;
		};
		EB8E24902613CE31009D9409 /* Release */ = {
			isa = XCBuildConfiguration;
			buildSettings = {
				ASSETCATALOG_COMPILER_APPICON_NAME = AppIcon;
				ASSETCATALOG_COMPILER_GLOBAL_ACCENT_COLOR_NAME = AccentColor;
				CODE_SIGN_STYLE = Automatic;
				DEVELOPMENT_ASSET_PATHS = "\"MoviesDB-Luana/Preview Content\"";
				ENABLE_PREVIEWS = YES;
				INFOPLIST_FILE = "MoviesDB-Luana/SupportingFiles/Info.plist";
				IPHONEOS_DEPLOYMENT_TARGET = 14.0;
				LD_RUNPATH_SEARCH_PATHS = (
					"$(inherited)",
					"@executable_path/Frameworks",
				);
				PRODUCT_BUNDLE_IDENTIFIER = "lccj.MoviesDB-Luana";
				PRODUCT_NAME = "$(TARGET_NAME)";
				SWIFT_VERSION = 5.0;
				TARGETED_DEVICE_FAMILY = "1,2";
			};
			name = Release;
		};
		EB8E24922613CE31009D9409 /* Debug */ = {
			isa = XCBuildConfiguration;
			buildSettings = {
				ALWAYS_EMBED_SWIFT_STANDARD_LIBRARIES = YES;
				BUNDLE_LOADER = "$(TEST_HOST)";
				CODE_SIGN_STYLE = Automatic;
				INFOPLIST_FILE = "MoviesDB-LuanaTests/Info.plist";
				IPHONEOS_DEPLOYMENT_TARGET = 14.0;
				LD_RUNPATH_SEARCH_PATHS = (
					"$(inherited)",
					"@executable_path/Frameworks",
					"@loader_path/Frameworks",
				);
				PRODUCT_BUNDLE_IDENTIFIER = "lccj.MoviesDB-LuanaTests";
				PRODUCT_NAME = "$(TARGET_NAME)";
				SWIFT_VERSION = 5.0;
				TARGETED_DEVICE_FAMILY = "1,2";
				TEST_HOST = "$(BUILT_PRODUCTS_DIR)/MoviesDB-Luana.app/MoviesDB-Luana";
			};
			name = Debug;
		};
		EB8E24932613CE31009D9409 /* Release */ = {
			isa = XCBuildConfiguration;
			buildSettings = {
				ALWAYS_EMBED_SWIFT_STANDARD_LIBRARIES = YES;
				BUNDLE_LOADER = "$(TEST_HOST)";
				CODE_SIGN_STYLE = Automatic;
				INFOPLIST_FILE = "MoviesDB-LuanaTests/Info.plist";
				IPHONEOS_DEPLOYMENT_TARGET = 14.0;
				LD_RUNPATH_SEARCH_PATHS = (
					"$(inherited)",
					"@executable_path/Frameworks",
					"@loader_path/Frameworks",
				);
				PRODUCT_BUNDLE_IDENTIFIER = "lccj.MoviesDB-LuanaTests";
				PRODUCT_NAME = "$(TARGET_NAME)";
				SWIFT_VERSION = 5.0;
				TARGETED_DEVICE_FAMILY = "1,2";
				TEST_HOST = "$(BUILT_PRODUCTS_DIR)/MoviesDB-Luana.app/MoviesDB-Luana";
			};
			name = Release;
		};
		EB8E24952613CE31009D9409 /* Debug */ = {
			isa = XCBuildConfiguration;
			buildSettings = {
				ALWAYS_EMBED_SWIFT_STANDARD_LIBRARIES = YES;
				CODE_SIGN_STYLE = Automatic;
				INFOPLIST_FILE = "MoviesDB-LuanaUITests/Info.plist";
				LD_RUNPATH_SEARCH_PATHS = (
					"$(inherited)",
					"@executable_path/Frameworks",
					"@loader_path/Frameworks",
				);
				PRODUCT_BUNDLE_IDENTIFIER = "lccj.MoviesDB-LuanaUITests";
				PRODUCT_NAME = "$(TARGET_NAME)";
				SWIFT_VERSION = 5.0;
				TARGETED_DEVICE_FAMILY = "1,2";
				TEST_TARGET_NAME = "MoviesDB-Luana";
			};
			name = Debug;
		};
		EB8E24962613CE31009D9409 /* Release */ = {
			isa = XCBuildConfiguration;
			buildSettings = {
				ALWAYS_EMBED_SWIFT_STANDARD_LIBRARIES = YES;
				CODE_SIGN_STYLE = Automatic;
				INFOPLIST_FILE = "MoviesDB-LuanaUITests/Info.plist";
				LD_RUNPATH_SEARCH_PATHS = (
					"$(inherited)",
					"@executable_path/Frameworks",
					"@loader_path/Frameworks",
				);
				PRODUCT_BUNDLE_IDENTIFIER = "lccj.MoviesDB-LuanaUITests";
				PRODUCT_NAME = "$(TARGET_NAME)";
				SWIFT_VERSION = 5.0;
				TARGETED_DEVICE_FAMILY = "1,2";
				TEST_TARGET_NAME = "MoviesDB-Luana";
			};
			name = Release;
		};
/* End XCBuildConfiguration section */

/* Begin XCConfigurationList section */
		EB8E24642613CE2E009D9409 /* Build configuration list for PBXProject "MoviesDB-Luana" */ = {
			isa = XCConfigurationList;
			buildConfigurations = (
				EB8E248C2613CE31009D9409 /* Debug */,
				EB8E248D2613CE31009D9409 /* Release */,
			);
			defaultConfigurationIsVisible = 0;
			defaultConfigurationName = Release;
		};
		EB8E248E2613CE31009D9409 /* Build configuration list for PBXNativeTarget "MoviesDB-Luana" */ = {
			isa = XCConfigurationList;
			buildConfigurations = (
				EB8E248F2613CE31009D9409 /* Debug */,
				EB8E24902613CE31009D9409 /* Release */,
			);
			defaultConfigurationIsVisible = 0;
			defaultConfigurationName = Release;
		};
		EB8E24912613CE31009D9409 /* Build configuration list for PBXNativeTarget "MoviesDB-LuanaTests" */ = {
			isa = XCConfigurationList;
			buildConfigurations = (
				EB8E24922613CE31009D9409 /* Debug */,
				EB8E24932613CE31009D9409 /* Release */,
			);
			defaultConfigurationIsVisible = 0;
			defaultConfigurationName = Release;
		};
		EB8E24942613CE31009D9409 /* Build configuration list for PBXNativeTarget "MoviesDB-LuanaUITests" */ = {
			isa = XCConfigurationList;
			buildConfigurations = (
				EB8E24952613CE31009D9409 /* Debug */,
				EB8E24962613CE31009D9409 /* Release */,
			);
			defaultConfigurationIsVisible = 0;
			defaultConfigurationName = Release;
		};
/* End XCConfigurationList section */

/* Begin XCRemoteSwiftPackageReference section */
		EB8E2536261509F7009D9409 /* XCRemoteSwiftPackageReference "NetworkHelper" */ = {
			isa = XCRemoteSwiftPackageReference;
			repositoryURL = "https://github.com/luanachen/NetworkHelper";
			requirement = {
				kind = upToNextMajorVersion;
				minimumVersion = 1.4.2;
			};
		};
/* End XCRemoteSwiftPackageReference section */

/* Begin XCSwiftPackageProductDependency section */
		EB8E2537261509F7009D9409 /* NetworkHelper */ = {
			isa = XCSwiftPackageProductDependency;
			package = EB8E2536261509F7009D9409 /* XCRemoteSwiftPackageReference "NetworkHelper" */;
			productName = NetworkHelper;
		};
/* End XCSwiftPackageProductDependency section */
	};
	rootObject = EB8E24612613CE2E009D9409 /* Project object */;
}
